
Microsoft Visual Studio Solution File, Format Version 12.00
# Visual Studio 15
VisualStudioVersion = 15.0.28307.421
MinimumVisualStudioVersion = 10.0.40219.1
Project("{8BC9CEB8-8B4A-11D0-8D11-00A0C91BC942}") = "koules", "koules.vcxproj", "{5AED1BBA-2DCD-4B68-89F4-BBCBF8D53A20}"
EndProject
Global
	GlobalSection(SolutionConfigurationPlatforms) = preSolution
		Release|x86 = Release|x86
	EndGlobalSection
	GlobalSection(ProjectConfigurationPlatforms) = postSolution
		{5AED1BBA-2DCD-4B68-89F4-BBCBF8D53A20}.Release|x86.ActiveCfg = Release|Win32
		{5AED1BBA-2DCD-4B68-89F4-BBCBF8D53A20}.Release|x86.Build.0 = Release|Win32
	EndGlobalSection
	GlobalSection(SolutionProperties) = preSolution
		HideSolutionNode = FALSE
	EndGlobalSection
	GlobalSection(ExtensibilityGlobals) = postSolution
		SolutionGuid = {92B9279A-48DB-4365-8D10-CBD33B64CE66}
	EndGlobalSection
EndGlobal
